// !$*UTF8*$!
{
	archiveVersion = 1;
	classes = {
	};
	objectVersion = 55;
	objects = {

/* Begin PBXBuildFile section */
		6009CA4F27319CB3004A3C7B /* Pods_To_Do_List.framework in Frameworks */ = {isa = PBXBuildFile; fileRef = ACA249885F1B31621535BD0A /* Pods_To_Do_List.framework */; };
		6009CA5027319CB3004A3C7B /* Pods_To_Do_List.framework in Embed Frameworks */ = {isa = PBXBuildFile; fileRef = ACA249885F1B31621535BD0A /* Pods_To_Do_List.framework */; settings = {ATTRIBUTES = (CodeSignOnCopy, RemoveHeadersOnCopy, ); }; };
		6009CA532731B5BF004A3C7B /* Constants.swift in Sources */ = {isa = PBXBuildFile; fileRef = 6009CA522731B5BF004A3C7B /* Constants.swift */; };
		6076FB84276E683E0075802D /* LaunchScreen.storyboard in Resources */ = {isa = PBXBuildFile; fileRef = 6076FB82276E683E0075802D /* LaunchScreen.storyboard */; };
		6076FB85276E683E0075802D /* Assets.xcassets in Resources */ = {isa = PBXBuildFile; fileRef = 6076FB83276E683E0075802D /* Assets.xcassets */; };
		60909CE52723490700FF87E4 /* AppDelegate.swift in Sources */ = {isa = PBXBuildFile; fileRef = 60909CE42723490700FF87E4 /* AppDelegate.swift */; };
		60909CE72723490700FF87E4 /* SceneDelegate.swift in Sources */ = {isa = PBXBuildFile; fileRef = 60909CE62723490700FF87E4 /* SceneDelegate.swift */; };
		60909CE92723490700FF87E4 /* ToDoListViewController.swift in Sources */ = {isa = PBXBuildFile; fileRef = 60909CE82723490700FF87E4 /* ToDoListViewController.swift */; };
		60909CEC2723490700FF87E4 /* Main.storyboard in Resources */ = {isa = PBXBuildFile; fileRef = 60909CEA2723490700FF87E4 /* Main.storyboard */; };
		609FD6F6272F2D4700DFABF7 /* TableViewCell.swift in Sources */ = {isa = PBXBuildFile; fileRef = 609FD6F5272F2D4700DFABF7 /* TableViewCell.swift */; };
		60A8775E2758F7F00065E18B /* Item.swift in Sources */ = {isa = PBXBuildFile; fileRef = 60A8775D2758F7F00065E18B /* Item.swift */; };
		60A877602758F81A0065E18B /* Category.swift in Sources */ = {isa = PBXBuildFile; fileRef = 60A8775F2758F81A0065E18B /* Category.swift */; };
		60CD77662742ECA1008AF67D /* CategoryViewController.swift in Sources */ = {isa = PBXBuildFile; fileRef = 60CD77652742ECA1008AF67D /* CategoryViewController.swift */; };
		60F86B83276F545C003D312C /* SwipeTableViewController.swift in Sources */ = {isa = PBXBuildFile; fileRef = 60F86B82276F545C003D312C /* SwipeTableViewController.swift */; };
/* End PBXBuildFile section */

/* Begin PBXCopyFilesBuildPhase section */
		6009CA5127319CB3004A3C7B /* Embed Frameworks */ = {
			isa = PBXCopyFilesBuildPhase;
			buildActionMask = 2147483647;
			dstPath = "";
			dstSubfolderSpec = 10;
			files = (
				6009CA5027319CB3004A3C7B /* Pods_To_Do_List.framework in Embed Frameworks */,
			);
			name = "Embed Frameworks";
			runOnlyForDeploymentPostprocessing = 0;
		};
/* End PBXCopyFilesBuildPhase section */

/* Begin PBXFileReference section */
		277DC53C7670ED2D948A9F1A /* Pods-To Do List.release.xcconfig */ = {isa = PBXFileReference; includeInIndex = 1; lastKnownFileType = text.xcconfig; name = "Pods-To Do List.release.xcconfig"; path = "Target Support Files/Pods-To Do List/Pods-To Do List.release.xcconfig"; sourceTree = "<group>"; };
		6009CA522731B5BF004A3C7B /* Constants.swift */ = {isa = PBXFileReference; lastKnownFileType = sourcecode.swift; path = Constants.swift; sourceTree = "<group>"; };
		6076FB82276E683E0075802D /* LaunchScreen.storyboard */ = {isa = PBXFileReference; fileEncoding = 4; lastKnownFileType = file.storyboard; path = LaunchScreen.storyboard; sourceTree = "<group>"; };
		6076FB83276E683E0075802D /* Assets.xcassets */ = {isa = PBXFileReference; lastKnownFileType = folder.assetcatalog; path = Assets.xcassets; sourceTree = "<group>"; };
		60909CE12723490700FF87E4 /* To Do List.app */ = {isa = PBXFileReference; explicitFileType = wrapper.application; includeInIndex = 0; path = "To Do List.app"; sourceTree = BUILT_PRODUCTS_DIR; };
		60909CE42723490700FF87E4 /* AppDelegate.swift */ = {isa = PBXFileReference; lastKnownFileType = sourcecode.swift; path = AppDelegate.swift; sourceTree = "<group>"; };
		60909CE62723490700FF87E4 /* SceneDelegate.swift */ = {isa = PBXFileReference; lastKnownFileType = sourcecode.swift; path = SceneDelegate.swift; sourceTree = "<group>"; };
		60909CE82723490700FF87E4 /* ToDoListViewController.swift */ = {isa = PBXFileReference; lastKnownFileType = sourcecode.swift; path = ToDoListViewController.swift; sourceTree = "<group>"; };
		60909CEB2723490700FF87E4 /* Base */ = {isa = PBXFileReference; lastKnownFileType = file.storyboard; name = Base; path = Base.lproj/Main.storyboard; sourceTree = "<group>"; };
		60909CF22723490900FF87E4 /* Info.plist */ = {isa = PBXFileReference; lastKnownFileType = text.plist.xml; path = Info.plist; sourceTree = "<group>"; };
		609FD6F5272F2D4700DFABF7 /* TableViewCell.swift */ = {isa = PBXFileReference; lastKnownFileType = sourcecode.swift; path = TableViewCell.swift; sourceTree = "<group>"; };
		60A8775D2758F7F00065E18B /* Item.swift */ = {isa = PBXFileReference; lastKnownFileType = sourcecode.swift; path = Item.swift; sourceTree = "<group>"; };
		60A8775F2758F81A0065E18B /* Category.swift */ = {isa = PBXFileReference; lastKnownFileType = sourcecode.swift; path = Category.swift; sourceTree = "<group>"; };
		60CD77652742ECA1008AF67D /* CategoryViewController.swift */ = {isa = PBXFileReference; lastKnownFileType = sourcecode.swift; path = CategoryViewController.swift; sourceTree = "<group>"; };
		60F86B82276F545C003D312C /* SwipeTableViewController.swift */ = {isa = PBXFileReference; lastKnownFileType = sourcecode.swift; path = SwipeTableViewController.swift; sourceTree = "<group>"; };
		8D306439691CC07FFDAB1C99 /* Pods-To Do List.debug.xcconfig */ = {isa = PBXFileReference; includeInIndex = 1; lastKnownFileType = text.xcconfig; name = "Pods-To Do List.debug.xcconfig"; path = "Target Support Files/Pods-To Do List/Pods-To Do List.debug.xcconfig"; sourceTree = "<group>"; };
		ACA249885F1B31621535BD0A /* Pods_To_Do_List.framework */ = {isa = PBXFileReference; explicitFileType = wrapper.framework; includeInIndex = 0; path = Pods_To_Do_List.framework; sourceTree = BUILT_PRODUCTS_DIR; };
/* End PBXFileReference section */

/* Begin PBXFrameworksBuildPhase section */
		60909CDE2723490700FF87E4 /* Frameworks */ = {
			isa = PBXFrameworksBuildPhase;
			buildActionMask = 2147483647;
			files = (
				6009CA4F27319CB3004A3C7B /* Pods_To_Do_List.framework in Frameworks */,
			);
			runOnlyForDeploymentPostprocessing = 0;
		};
/* End PBXFrameworksBuildPhase section */

/* Begin PBXGroup section */
		6045AB2A2729D8E20025E133 /* View */ = {
			isa = PBXGroup;
			children = (
				609FD6F5272F2D4700DFABF7 /* TableViewCell.swift */,
				60909CEA2723490700FF87E4 /* Main.storyboard */,
			);
			path = View;
			sourceTree = "<group>";
		};
		6045AB2B2729D9030025E133 /* Controller */ = {
			isa = PBXGroup;
			children = (
				60CD77652742ECA1008AF67D /* CategoryViewController.swift */,
				60909CE82723490700FF87E4 /* ToDoListViewController.swift */,
				60F86B82276F545C003D312C /* SwipeTableViewController.swift */,
			);
			path = Controller;
			sourceTree = "<group>";
		};
		606E756827367505005272EF /* Model */ = {
			isa = PBXGroup;
			children = (
				60A8775D2758F7F00065E18B /* Item.swift */,
				60A8775F2758F81A0065E18B /* Category.swift */,
			);
			path = Model;
			sourceTree = "<group>";
		};
		6076FB81276E683E0075802D /* Supporting Files */ = {
			isa = PBXGroup;
			children = (
				6076FB82276E683E0075802D /* LaunchScreen.storyboard */,
				6076FB83276E683E0075802D /* Assets.xcassets */,
			);
			path = "Supporting Files";
			sourceTree = "<group>";
		};
		60909CD82723490700FF87E4 = {
			isa = PBXGroup;
			children = (
				60909CE32723490700FF87E4 /* To Do List */,
				60909CE22723490700FF87E4 /* Products */,
				FB71B2DFBEB409F9FEF6BB9D /* Pods */,
				F7F112D338A7CA6F650CAC38 /* Frameworks */,
			);
			sourceTree = "<group>";
		};
		60909CE22723490700FF87E4 /* Products */ = {
			isa = PBXGroup;
			children = (
				60909CE12723490700FF87E4 /* To Do List.app */,
			);
			name = Products;
			sourceTree = "<group>";
		};
		60909CE32723490700FF87E4 /* To Do List */ = {
			isa = PBXGroup;
			children = (
				60909CE42723490700FF87E4 /* AppDelegate.swift */,
				60909CE62723490700FF87E4 /* SceneDelegate.swift */,
				606E756827367505005272EF /* Model */,
				6045AB2B2729D9030025E133 /* Controller */,
				6045AB2A2729D8E20025E133 /* View */,
				6076FB81276E683E0075802D /* Supporting Files */,
				60909CF22723490900FF87E4 /* Info.plist */,
				6009CA522731B5BF004A3C7B /* Constants.swift */,
			);
			path = "To Do List";
			sourceTree = "<group>";
		};
		F7F112D338A7CA6F650CAC38 /* Frameworks */ = {
			isa = PBXGroup;
			children = (
				ACA249885F1B31621535BD0A /* Pods_To_Do_List.framework */,
			);
			name = Frameworks;
			sourceTree = "<group>";
		};
		FB71B2DFBEB409F9FEF6BB9D /* Pods */ = {
			isa = PBXGroup;
			children = (
				8D306439691CC07FFDAB1C99 /* Pods-To Do List.debug.xcconfig */,
				277DC53C7670ED2D948A9F1A /* Pods-To Do List.release.xcconfig */,
			);
			path = Pods;
			sourceTree = "<group>";
		};
/* End PBXGroup section */

/* Begin PBXNativeTarget section */
		60909CE02723490700FF87E4 /* To Do List */ = {
			isa = PBXNativeTarget;
			buildConfigurationList = 60909CF52723490900FF87E4 /* Build configuration list for PBXNativeTarget "To Do List" */;
			buildPhases = (
				7F695684E7A8AFE2CE1ECF82 /* [CP] Check Pods Manifest.lock */,
				60909CDD2723490700FF87E4 /* Sources */,
				60909CDE2723490700FF87E4 /* Frameworks */,
				60909CDF2723490700FF87E4 /* Resources */,
				5C00A1584DC4712D1BC457B0 /* [CP] Embed Pods Frameworks */,
				6009CA5127319CB3004A3C7B /* Embed Frameworks */,
			);
			buildRules = (
			);
			dependencies = (
			);
			name = "To Do List";
			productName = "To Do List";
			productReference = 60909CE12723490700FF87E4 /* To Do List.app */;
			productType = "com.apple.product-type.application";
		};
/* End PBXNativeTarget section */

/* Begin PBXProject section */
		60909CD92723490700FF87E4 /* Project object */ = {
			isa = PBXProject;
			attributes = {
				BuildIndependentTargetsInParallel = 1;
				LastSwiftUpdateCheck = 1300;
				LastUpgradeCheck = 1310;
				TargetAttributes = {
					60909CE02723490700FF87E4 = {
						CreatedOnToolsVersion = 13.0;
					};
				};
			};
			buildConfigurationList = 60909CDC2723490700FF87E4 /* Build configuration list for PBXProject "To Do List" */;
			compatibilityVersion = "Xcode 13.0";
			developmentRegion = en;
			hasScannedForEncodings = 0;
			knownRegions = (
				en,
				Base,
			);
			mainGroup = 60909CD82723490700FF87E4;
			productRefGroup = 60909CE22723490700FF87E4 /* Products */;
			projectDirPath = "";
			projectRoot = "";
			targets = (
				60909CE02723490700FF87E4 /* To Do List */,
			);
		};
/* End PBXProject section */

/* Begin PBXResourcesBuildPhase section */
		60909CDF2723490700FF87E4 /* Resources */ = {
			isa = PBXResourcesBuildPhase;
			buildActionMask = 2147483647;
			files = (
				60909CEC2723490700FF87E4 /* Main.storyboard in Resources */,
				6076FB85276E683E0075802D /* Assets.xcassets in Resources */,
				6076FB84276E683E0075802D /* LaunchScreen.storyboard in Resources */,
			);
			runOnlyForDeploymentPostprocessing = 0;
		};
/* End PBXResourcesBuildPhase section */

/* Begin PBXShellScriptBuildPhase section */
		5C00A1584DC4712D1BC457B0 /* [CP] Embed Pods Frameworks */ = {
			isa = PBXShellScriptBuildPhase;
			buildActionMask = 2147483647;
			files = (
			);
			inputFileListPaths = (
				"${PODS_ROOT}/Target Support Files/Pods-To Do List/Pods-To Do List-frameworks-${CONFIGURATION}-input-files.xcfilelist",
			);
			name = "[CP] Embed Pods Frameworks";
			outputFileListPaths = (
				"${PODS_ROOT}/Target Support Files/Pods-To Do List/Pods-To Do List-frameworks-${CONFIGURATION}-output-files.xcfilelist",
			);
			runOnlyForDeploymentPostprocessing = 0;
			shellPath = /bin/sh;
			shellScript = "\"${PODS_ROOT}/Target Support Files/Pods-To Do List/Pods-To Do List-frameworks.sh\"\n";
			showEnvVarsInLog = 0;
		};
		7F695684E7A8AFE2CE1ECF82 /* [CP] Check Pods Manifest.lock */ = {
			isa = PBXShellScriptBuildPhase;
			buildActionMask = 2147483647;
			files = (
			);
			inputFileListPaths = (
			);
			inputPaths = (
				"${PODS_PODFILE_DIR_PATH}/Podfile.lock",
				"${PODS_ROOT}/Manifest.lock",
			);
			name = "[CP] Check Pods Manifest.lock";
			outputFileListPaths = (
			);
			outputPaths = (
				"$(DERIVED_FILE_DIR)/Pods-To Do List-checkManifestLockResult.txt",
			);
			runOnlyForDeploymentPostprocessing = 0;
			shellPath = /bin/sh;
			shellScript = "diff \"${PODS_PODFILE_DIR_PATH}/Podfile.lock\" \"${PODS_ROOT}/Manifest.lock\" > /dev/null\nif [ $? != 0 ] ; then\n    # print error to STDERR\n    echo \"error: The sandbox is not in sync with the Podfile.lock. Run 'pod install' or update your CocoaPods installation.\" >&2\n    exit 1\nfi\n# This output is used by Xcode 'outputs' to avoid re-running this script phase.\necho \"SUCCESS\" > \"${SCRIPT_OUTPUT_FILE_0}\"\n";
			showEnvVarsInLog = 0;
		};
/* End PBXShellScriptBuildPhase section */

/* Begin PBXSourcesBuildPhase section */
		60909CDD2723490700FF87E4 /* Sources */ = {
			isa = PBXSourcesBuildPhase;
			buildActionMask = 2147483647;
			files = (
				6009CA532731B5BF004A3C7B /* Constants.swift in Sources */,
				60A877602758F81A0065E18B /* Category.swift in Sources */,
				60A8775E2758F7F00065E18B /* Item.swift in Sources */,
				60909CE92723490700FF87E4 /* ToDoListViewController.swift in Sources */,
				60F86B83276F545C003D312C /* SwipeTableViewController.swift in Sources */,
				609FD6F6272F2D4700DFABF7 /* TableViewCell.swift in Sources */,
				60CD77662742ECA1008AF67D /* CategoryViewController.swift in Sources */,
				60909CE52723490700FF87E4 /* AppDelegate.swift in Sources */,
				60909CE72723490700FF87E4 /* SceneDelegate.swift in Sources */,
			);
			runOnlyForDeploymentPostprocessing = 0;
		};
/* End PBXSourcesBuildPhase section */

/* Begin PBXVariantGroup section */
		60909CEA2723490700FF87E4 /* Main.storyboard */ = {
			isa = PBXVariantGroup;
			children = (
				60909CEB2723490700FF87E4 /* Base */,
			);
			name = Main.storyboard;
			sourceTree = "<group>";
		};
/* End PBXVariantGroup section */

/* Begin XCBuildConfiguration section */
		60909CF32723490900FF87E4 /* Debug */ = {
			isa = XCBuildConfiguration;
			buildSettings = {
				ALWAYS_SEARCH_USER_PATHS = NO;
				CLANG_ANALYZER_NONNULL = YES;
				CLANG_ANALYZER_NUMBER_OBJECT_CONVERSION = YES_AGGRESSIVE;
				CLANG_CXX_LANGUAGE_STANDARD = "gnu++17";
				CLANG_CXX_LIBRARY = "libc++";
				CLANG_ENABLE_MODULES = YES;
				CLANG_ENABLE_OBJC_ARC = YES;
				CLANG_ENABLE_OBJC_WEAK = YES;
				CLANG_WARN_BLOCK_CAPTURE_AUTORELEASING = YES;
				CLANG_WARN_BOOL_CONVERSION = YES;
				CLANG_WARN_COMMA = YES;
				CLANG_WARN_CONSTANT_CONVERSION = YES;
				CLANG_WARN_DEPRECATED_OBJC_IMPLEMENTATIONS = YES;
				CLANG_WARN_DIRECT_OBJC_ISA_USAGE = YES_ERROR;
				CLANG_WARN_DOCUMENTATION_COMMENTS = YES;
				CLANG_WARN_EMPTY_BODY = YES;
				CLANG_WARN_ENUM_CONVERSION = YES;
				CLANG_WARN_INFINITE_RECURSION = YES;
				CLANG_WARN_INT_CONVERSION = YES;
				CLANG_WARN_NON_LITERAL_NULL_CONVERSION = YES;
				CLANG_WARN_OBJC_IMPLICIT_RETAIN_SELF = YES;
				CLANG_WARN_OBJC_LITERAL_CONVERSION = YES;
				CLANG_WARN_OBJC_ROOT_CLASS = YES_ERROR;
				CLANG_WARN_QUOTED_INCLUDE_IN_FRAMEWORK_HEADER = YES;
				CLANG_WARN_RANGE_LOOP_ANALYSIS = YES;
				CLANG_WARN_STRICT_PROTOTYPES = YES;
				CLANG_WARN_SUSPICIOUS_MOVE = YES;
				CLANG_WARN_UNGUARDED_AVAILABILITY = YES_AGGRESSIVE;
				CLANG_WARN_UNREACHABLE_CODE = YES;
				CLANG_WARN__DUPLICATE_METHOD_MATCH = YES;
				COPY_PHASE_STRIP = NO;
				DEBUG_INFORMATION_FORMAT = dwarf;
				ENABLE_STRICT_OBJC_MSGSEND = YES;
				ENABLE_TESTABILITY = YES;
				GCC_C_LANGUAGE_STANDARD = gnu11;
				GCC_DYNAMIC_NO_PIC = NO;
				GCC_NO_COMMON_BLOCKS = YES;
				GCC_OPTIMIZATION_LEVEL = 0;
				GCC_PREPROCESSOR_DEFINITIONS = (
					"DEBUG=1",
					"$(inherited)",
				);
				GCC_WARN_64_TO_32_BIT_CONVERSION = YES;
				GCC_WARN_ABOUT_RETURN_TYPE = YES_ERROR;
				GCC_WARN_UNDECLARED_SELECTOR = YES;
				GCC_WARN_UNINITIALIZED_AUTOS = YES_AGGRESSIVE;
				GCC_WARN_UNUSED_FUNCTION = YES;
				GCC_WARN_UNUSED_VARIABLE = YES;
				IPHONEOS_DEPLOYMENT_TARGET = 12.0;
				MTL_ENABLE_DEBUG_INFO = INCLUDE_SOURCE;
				MTL_FAST_MATH = YES;
				ONLY_ACTIVE_ARCH = YES;
				SDKROOT = iphoneos;
				SWIFT_ACTIVE_COMPILATION_CONDITIONS = DEBUG;
				SWIFT_OPTIMIZATION_LEVEL = "-Onone";
			};
			name = Debug;
		};
		60909CF42723490900FF87E4 /* Release */ = {
			isa = XCBuildConfiguration;
			buildSettings = {
				ALWAYS_SEARCH_USER_PATHS = NO;
				CLANG_ANALYZER_NONNULL = YES;
				CLANG_ANALYZER_NUMBER_OBJECT_CONVERSION = YES_AGGRESSIVE;
				CLANG_CXX_LANGUAGE_STANDARD = "gnu++17";
				CLANG_CXX_LIBRARY = "libc++";
				CLANG_ENABLE_MODULES = YES;
				CLANG_ENABLE_OBJC_ARC = YES;
				CLANG_ENABLE_OBJC_WEAK = YES;
				CLANG_WARN_BLOCK_CAPTURE_AUTORELEASING = YES;
				CLANG_WARN_BOOL_CONVERSION = YES;
				CLANG_WARN_COMMA = YES;
				CLANG_WARN_CONSTANT_CONVERSION = YES;
				CLANG_WARN_DEPRECATED_OBJC_IMPLEMENTATIONS = YES;
				CLANG_WARN_DIRECT_OBJC_ISA_USAGE = YES_ERROR;
				CLANG_WARN_DOCUMENTATION_COMMENTS = YES;
				CLANG_WARN_EMPTY_BODY = YES;
				CLANG_WARN_ENUM_CONVERSION = YES;
				CLANG_WARN_INFINITE_RECURSION = YES;
				CLANG_WARN_INT_CONVERSION = YES;
				CLANG_WARN_NON_LITERAL_NULL_CONVERSION = YES;
				CLANG_WARN_OBJC_IMPLICIT_RETAIN_SELF = YES;
				CLANG_WARN_OBJC_LITERAL_CONVERSION = YES;
				CLANG_WARN_OBJC_ROOT_CLASS = YES_ERROR;
				CLANG_WARN_QUOTED_INCLUDE_IN_FRAMEWORK_HEADER = YES;
				CLANG_WARN_RANGE_LOOP_ANALYSIS = YES;
				CLANG_WARN_STRICT_PROTOTYPES = YES;
				CLANG_WARN_SUSPICIOUS_MOVE = YES;
				CLANG_WARN_UNGUARDED_AVAILABILITY = YES_AGGRESSIVE;
				CLANG_WARN_UNREACHABLE_CODE = YES;
				CLANG_WARN__DUPLICATE_METHOD_MATCH = YES;
				COPY_PHASE_STRIP = NO;
				DEBUG_INFORMATION_FORMAT = "dwarf-with-dsym";
				ENABLE_NS_ASSERTIONS = NO;
				ENABLE_STRICT_OBJC_MSGSEND = YES;
				GCC_C_LANGUAGE_STANDARD = gnu11;
				GCC_NO_COMMON_BLOCKS = YES;
				GCC_WARN_64_TO_32_BIT_CONVERSION = YES;
				GCC_WARN_ABOUT_RETURN_TYPE = YES_ERROR;
				GCC_WARN_UNDECLARED_SELECTOR = YES;
				GCC_WARN_UNINITIALIZED_AUTOS = YES_AGGRESSIVE;
				GCC_WARN_UNUSED_FUNCTION = YES;
				GCC_WARN_UNUSED_VARIABLE = YES;
				IPHONEOS_DEPLOYMENT_TARGET = 12.0;
				MTL_ENABLE_DEBUG_INFO = NO;
				MTL_FAST_MATH = YES;
				SDKROOT = iphoneos;
				SWIFT_COMPILATION_MODE = wholemodule;
				SWIFT_OPTIMIZATION_LEVEL = "-O";
				VALIDATE_PRODUCT = YES;
			};
			name = Release;
		};
		60909CF62723490900FF87E4 /* Debug */ = {
			isa = XCBuildConfiguration;
			baseConfigurationReference = 8D306439691CC07FFDAB1C99 /* Pods-To Do List.debug.xcconfig */;
			buildSettings = {
				ASSETCATALOG_COMPILER_GLOBAL_ACCENT_COLOR_NAME = AccentColor;
				ASSETCATALOG_COMPILER_INCLUDE_ALL_APPICON_ASSETS = NO;
				CODE_SIGN_STYLE = Automatic;
				CURRENT_PROJECT_VERSION = 1;
				DEVELOPMENT_TEAM = 52244XZHVN;
				GENERATE_INFOPLIST_FILE = YES;
				INFOPLIST_FILE = "To Do List/Info.plist";
				INFOPLIST_KEY_UIApplicationSupportsIndirectInputEvents = YES;
				INFOPLIST_KEY_UILaunchStoryboardName = LaunchScreen;
				INFOPLIST_KEY_UIMainStoryboardFile = Main;
				INFOPLIST_KEY_UISupportedInterfaceOrientations = "";
				INFOPLIST_KEY_UISupportedInterfaceOrientations_iPad = "UIInterfaceOrientationPortrait UIInterfaceOrientationPortraitUpsideDown UIInterfaceOrientationLandscapeLeft UIInterfaceOrientationLandscapeRight";
				INFOPLIST_KEY_UISupportedInterfaceOrientations_iPhone = "UIInterfaceOrientationPortrait UIInterfaceOrientationLandscapeLeft UIInterfaceOrientationLandscapeRight";
				IPHONEOS_DEPLOYMENT_TARGET = 15.0;
				LD_RUNPATH_SEARCH_PATHS = (
					"$(inherited)",
					"@executable_path/Frameworks",
				);
				MARKETING_VERSION = 1.0;
				PRODUCT_BUNDLE_IDENTIFIER = "Olexsii-Levchenko.To-Do-List";
				PRODUCT_NAME = "$(TARGET_NAME)";
				SWIFT_COMPILATION_MODE = wholemodule;
				SWIFT_EMIT_LOC_STRINGS = YES;
				SWIFT_VERSION = 5.0;
				TARGETED_DEVICE_FAMILY = "1,2";
			};
			name = Debug;
		};
		60909CF72723490900FF87E4 /* Release */ = {
			isa = XCBuildConfiguration;
			baseConfigurationReference = 277DC53C7670ED2D948A9F1A /* Pods-To Do List.release.xcconfig */;
			buildSettings = {
				ASSETCATALOG_COMPILER_GLOBAL_ACCENT_COLOR_NAME = AccentColor;
				ASSETCATALOG_COMPILER_INCLUDE_ALL_APPICON_ASSETS = NO;
				CODE_SIGN_STYLE = Automatic;
				CURRENT_PROJECT_VERSION = 1;
				DEVELOPMENT_TEAM = 52244XZHVN;
				GENERATE_INFOPLIST_FILE = YES;
				INFOPLIST_FILE = "To Do List/Info.plist";
				INFOPLIST_KEY_UIApplicationSupportsIndirectInputEvents = YES;
				INFOPLIST_KEY_UILaunchStoryboardName = LaunchScreen;
				INFOPLIST_KEY_UIMainStoryboardFile = Main;
				INFOPLIST_KEY_UISupportedInterfaceOrientations = "";
				INFOPLIST_KEY_UISupportedInterfaceOrientations_iPad = "UIInterfaceOrientationPortrait UIInterfaceOrientationPortraitUpsideDown UIInterfaceOrientationLandscapeLeft UIInterfaceOrientationLandscapeRight";
				INFOPLIST_KEY_UISupportedInterfaceOrientations_iPhone = "UIInterfaceOrientationPortrait UIInterfaceOrientationLandscapeLeft UIInterfaceOrientationLandscapeRight";
				IPHONEOS_DEPLOYMENT_TARGET = 15.0;
				LD_RUNPATH_SEARCH_PATHS = (
					"$(inherited)",
					"@executable_path/Frameworks",
				);
				MARKETING_VERSION = 1.0;
				PRODUCT_BUNDLE_IDENTIFIER = "Olexsii-Levchenko.To-Do-List";
				PRODUCT_NAME = "$(TARGET_NAME)";
				SWIFT_COMPILATION_MODE = wholemodule;
				SWIFT_EMIT_LOC_STRINGS = YES;
				SWIFT_VERSION = 5.0;
				TARGETED_DEVICE_FAMILY = "1,2";
			};
			name = Release;
		};
/* End XCBuildConfiguration section */

/* Begin XCConfigurationList section */
		60909CDC2723490700FF87E4 /* Build configuration list for PBXProject "To Do List" */ = {
			isa = XCConfigurationList;
			buildConfigurations = (
				60909CF32723490900FF87E4 /* Debug */,
				60909CF42723490900FF87E4 /* Release */,
			);
			defaultConfigurationIsVisible = 0;
			defaultConfigurationName = Release;
		};
		60909CF52723490900FF87E4 /* Build configuration list for PBXNativeTarget "To Do List" */ = {
			isa = XCConfigurationList;
			buildConfigurations = (
				60909CF62723490900FF87E4 /* Debug */,
				60909CF72723490900FF87E4 /* Release */,
			);
			defaultConfigurationIsVisible = 0;
			defaultConfigurationName = Release;
		};
/* End XCConfigurationList section */
	};
	rootObject = 60909CD92723490700FF87E4 /* Project object */;
}
